// !$*UTF8*$!
{
	archiveVersion = 1;
	classes = {
	};
	objectVersion = 56;
	objects = {

/* Begin PBXBuildFile section */
		61815E9F2AA8CA1F003236AE /* recipesApp.swift in Sources */ = {isa = PBXBuildFile; fileRef = 61815E9E2AA8CA1F003236AE /* recipesApp.swift */; };
		61815EA12AA8CA1F003236AE /* RecipesListView.swift in Sources */ = {isa = PBXBuildFile; fileRef = 61815EA02AA8CA1F003236AE /* RecipesListView.swift */; };
		61815EA32AA8CA20003236AE /* Assets.xcassets in Resources */ = {isa = PBXBuildFile; fileRef = 61815EA22AA8CA20003236AE /* Assets.xcassets */; };
		61815EA62AA8CA20003236AE /* Preview Assets.xcassets in Resources */ = {isa = PBXBuildFile; fileRef = 61815EA52AA8CA20003236AE /* Preview Assets.xcassets */; };
		61815EB22AA8CC5E003236AE /* RecipesListModel.swift in Sources */ = {isa = PBXBuildFile; fileRef = 61815EB12AA8CC5E003236AE /* RecipesListModel.swift */; };
		61815EB42AA8CC76003236AE /* RecipesListViewModel.swift in Sources */ = {isa = PBXBuildFile; fileRef = 61815EB32AA8CC76003236AE /* RecipesListViewModel.swift */; };
		61815EB62AA8CC89003236AE /* RecipesListDesign.swift in Sources */ = {isa = PBXBuildFile; fileRef = 61815EB52AA8CC89003236AE /* RecipesListDesign.swift */; };
		61815EB82AA8D1C7003236AE /* AddRecipeView.swift in Sources */ = {isa = PBXBuildFile; fileRef = 61815EB72AA8D1C7003236AE /* AddRecipeView.swift */; };
		61815EBA2AA8D1DC003236AE /* AddRecipeViewModel.swift in Sources */ = {isa = PBXBuildFile; fileRef = 61815EB92AA8D1DC003236AE /* AddRecipeViewModel.swift */; };
		61815EBC2AA8D1E9003236AE /* AddRecipeModel.swift in Sources */ = {isa = PBXBuildFile; fileRef = 61815EBB2AA8D1E9003236AE /* AddRecipeModel.swift */; };
		61815EBE2AA8D1F5003236AE /* AddRecipeDesign.swift in Sources */ = {isa = PBXBuildFile; fileRef = 61815EBD2AA8D1F5003236AE /* AddRecipeDesign.swift */; };
		61815EC12AB2038A003236AE /* PagedView.swift in Sources */ = {isa = PBXBuildFile; fileRef = 61815EC02AB2038A003236AE /* PagedView.swift */; };
		61815EC32AB2039A003236AE /* PagedViewModel.swift in Sources */ = {isa = PBXBuildFile; fileRef = 61815EC22AB2039A003236AE /* PagedViewModel.swift */; };
		61815EC52AB203A7003236AE /* PagedModel.swift in Sources */ = {isa = PBXBuildFile; fileRef = 61815EC42AB203A7003236AE /* PagedModel.swift */; };
		61815EC72AB203B4003236AE /* PagedDesign.swift in Sources */ = {isa = PBXBuildFile; fileRef = 61815EC62AB203B4003236AE /* PagedDesign.swift */; };
		61815ECD2AB9F4B6003236AE /* FavouritesDesign.swift in Sources */ = {isa = PBXBuildFile; fileRef = 61815EC92AB9F4B6003236AE /* FavouritesDesign.swift */; };
		61815ECE2AB9F4B6003236AE /* FavouritesView.swift in Sources */ = {isa = PBXBuildFile; fileRef = 61815ECA2AB9F4B6003236AE /* FavouritesView.swift */; };
		61815ECF2AB9F4B6003236AE /* FavouritesModel.swift in Sources */ = {isa = PBXBuildFile; fileRef = 61815ECB2AB9F4B6003236AE /* FavouritesModel.swift */; };
		61815ED02AB9F4B6003236AE /* FavouritesViewModel.swift in Sources */ = {isa = PBXBuildFile; fileRef = 61815ECC2AB9F4B6003236AE /* FavouritesViewModel.swift */; };
		61815ED32AB9F5B9003236AE /* ViewMaker.swift in Sources */ = {isa = PBXBuildFile; fileRef = 61815ED22AB9F5B9003236AE /* ViewMaker.swift */; };
/* End PBXBuildFile section */

/* Begin PBXFileReference section */
		61815E9B2AA8CA1F003236AE /* recipes.app */ = {isa = PBXFileReference; explicitFileType = wrapper.application; includeInIndex = 0; path = recipes.app; sourceTree = BUILT_PRODUCTS_DIR; };
		61815E9E2AA8CA1F003236AE /* recipesApp.swift */ = {isa = PBXFileReference; lastKnownFileType = sourcecode.swift; path = recipesApp.swift; sourceTree = "<group>"; };
		61815EA02AA8CA1F003236AE /* RecipesListView.swift */ = {isa = PBXFileReference; lastKnownFileType = sourcecode.swift; path = RecipesListView.swift; sourceTree = "<group>"; };
		61815EA22AA8CA20003236AE /* Assets.xcassets */ = {isa = PBXFileReference; lastKnownFileType = folder.assetcatalog; path = Assets.xcassets; sourceTree = "<group>"; };
		61815EA52AA8CA20003236AE /* Preview Assets.xcassets */ = {isa = PBXFileReference; lastKnownFileType = folder.assetcatalog; path = "Preview Assets.xcassets"; sourceTree = "<group>"; };
		61815EB12AA8CC5E003236AE /* RecipesListModel.swift */ = {isa = PBXFileReference; lastKnownFileType = sourcecode.swift; path = RecipesListModel.swift; sourceTree = "<group>"; };
		61815EB32AA8CC76003236AE /* RecipesListViewModel.swift */ = {isa = PBXFileReference; lastKnownFileType = sourcecode.swift; path = RecipesListViewModel.swift; sourceTree = "<group>"; };
		61815EB52AA8CC89003236AE /* RecipesListDesign.swift */ = {isa = PBXFileReference; lastKnownFileType = sourcecode.swift; path = RecipesListDesign.swift; sourceTree = "<group>"; };
		61815EB72AA8D1C7003236AE /* AddRecipeView.swift */ = {isa = PBXFileReference; lastKnownFileType = sourcecode.swift; path = AddRecipeView.swift; sourceTree = "<group>"; };
		61815EB92AA8D1DC003236AE /* AddRecipeViewModel.swift */ = {isa = PBXFileReference; lastKnownFileType = sourcecode.swift; path = AddRecipeViewModel.swift; sourceTree = "<group>"; };
		61815EBB2AA8D1E9003236AE /* AddRecipeModel.swift */ = {isa = PBXFileReference; lastKnownFileType = sourcecode.swift; path = AddRecipeModel.swift; sourceTree = "<group>"; };
		61815EBD2AA8D1F5003236AE /* AddRecipeDesign.swift */ = {isa = PBXFileReference; lastKnownFileType = sourcecode.swift; path = AddRecipeDesign.swift; sourceTree = "<group>"; };
		61815EC02AB2038A003236AE /* PagedView.swift */ = {isa = PBXFileReference; lastKnownFileType = sourcecode.swift; path = PagedView.swift; sourceTree = "<group>"; };
		61815EC22AB2039A003236AE /* PagedViewModel.swift */ = {isa = PBXFileReference; lastKnownFileType = sourcecode.swift; path = PagedViewModel.swift; sourceTree = "<group>"; };
		61815EC42AB203A7003236AE /* PagedModel.swift */ = {isa = PBXFileReference; lastKnownFileType = sourcecode.swift; path = PagedModel.swift; sourceTree = "<group>"; };
		61815EC62AB203B4003236AE /* PagedDesign.swift */ = {isa = PBXFileReference; lastKnownFileType = sourcecode.swift; path = PagedDesign.swift; sourceTree = "<group>"; };
		61815EC92AB9F4B6003236AE /* FavouritesDesign.swift */ = {isa = PBXFileReference; lastKnownFileType = sourcecode.swift; path = FavouritesDesign.swift; sourceTree = "<group>"; };
		61815ECA2AB9F4B6003236AE /* FavouritesView.swift */ = {isa = PBXFileReference; lastKnownFileType = sourcecode.swift; path = FavouritesView.swift; sourceTree = "<group>"; };
		61815ECB2AB9F4B6003236AE /* FavouritesModel.swift */ = {isa = PBXFileReference; lastKnownFileType = sourcecode.swift; path = FavouritesModel.swift; sourceTree = "<group>"; };
		61815ECC2AB9F4B6003236AE /* FavouritesViewModel.swift */ = {isa = PBXFileReference; lastKnownFileType = sourcecode.swift; path = FavouritesViewModel.swift; sourceTree = "<group>"; };
		61815ED22AB9F5B9003236AE /* ViewMaker.swift */ = {isa = PBXFileReference; lastKnownFileType = sourcecode.swift; path = ViewMaker.swift; sourceTree = "<group>"; };
/* End PBXFileReference section */

/* Begin PBXFrameworksBuildPhase section */
		61815E982AA8CA1F003236AE /* Frameworks */ = {
			isa = PBXFrameworksBuildPhase;
			buildActionMask = 2147483647;
			files = (
			);
			runOnlyForDeploymentPostprocessing = 0;
		};
/* End PBXFrameworksBuildPhase section */

/* Begin PBXGroup section */
		61815E922AA8CA1F003236AE = {
			isa = PBXGroup;
			children = (
				61815EAC2AA8CB45003236AE /* Lib */,
				61815E9D2AA8CA1F003236AE /* recipes */,
				61815E9C2AA8CA1F003236AE /* Products */,
			);
			sourceTree = "<group>";
		};
		61815E9C2AA8CA1F003236AE /* Products */ = {
			isa = PBXGroup;
			children = (
				61815E9B2AA8CA1F003236AE /* recipes.app */,
			);
			name = Products;
			sourceTree = "<group>";
		};
		61815E9D2AA8CA1F003236AE /* recipes */ = {
			isa = PBXGroup;
			children = (
				61815EAE2AA8CB74003236AE /* screens */,
				61815E9E2AA8CA1F003236AE /* recipesApp.swift */,
				61815EA22AA8CA20003236AE /* Assets.xcassets */,
				61815EA42AA8CA20003236AE /* Preview Content */,
			);
			path = recipes;
			sourceTree = "<group>";
		};
		61815EA42AA8CA20003236AE /* Preview Content */ = {
			isa = PBXGroup;
			children = (
				61815EA52AA8CA20003236AE /* Preview Assets.xcassets */,
			);
			path = "Preview Content";
			sourceTree = "<group>";
		};
		61815EAC2AA8CB45003236AE /* Lib */ = {
			isa = PBXGroup;
			children = (
				61815ED12AB9F585003236AE /* Protocols */,
			);
			path = Lib;
			sourceTree = "<group>";
		};
		61815EAE2AA8CB74003236AE /* screens */ = {
			isa = PBXGroup;
			children = (
				61815EC82AB9F47C003236AE /* favourites */,
				61815EBF2AB202FB003236AE /* paged */,
				61815EB02AA8CBAC003236AE /* addrecipe */,
				61815EAF2AA8CB92003236AE /* recipeslist */,
			);
			path = screens;
			sourceTree = "<group>";
		};
		61815EAF2AA8CB92003236AE /* recipeslist */ = {
			isa = PBXGroup;
			children = (
				61815EA02AA8CA1F003236AE /* RecipesListView.swift */,
				61815EB12AA8CC5E003236AE /* RecipesListModel.swift */,
				61815EB32AA8CC76003236AE /* RecipesListViewModel.swift */,
				61815EB52AA8CC89003236AE /* RecipesListDesign.swift */,
			);
			path = recipeslist;
			sourceTree = "<group>";
		};
		61815EB02AA8CBAC003236AE /* addrecipe */ = {
			isa = PBXGroup;
			children = (
				61815EB72AA8D1C7003236AE /* AddRecipeView.swift */,
				61815EB92AA8D1DC003236AE /* AddRecipeViewModel.swift */,
				61815EBB2AA8D1E9003236AE /* AddRecipeModel.swift */,
				61815EBD2AA8D1F5003236AE /* AddRecipeDesign.swift */,
			);
			path = addrecipe;
			sourceTree = "<group>";
		};
		61815EBF2AB202FB003236AE /* paged */ = {
			isa = PBXGroup;
			children = (
				61815EC02AB2038A003236AE /* PagedView.swift */,
				61815EC22AB2039A003236AE /* PagedViewModel.swift */,
				61815EC42AB203A7003236AE /* PagedModel.swift */,
				61815EC62AB203B4003236AE /* PagedDesign.swift */,
			);
			path = paged;
			sourceTree = "<group>";
		};
		61815EC82AB9F47C003236AE /* favourites */ = {
			isa = PBXGroup;
			children = (
				61815ECA2AB9F4B6003236AE /* FavouritesView.swift */,
				61815ECC2AB9F4B6003236AE /* FavouritesViewModel.swift */,
				61815ECB2AB9F4B6003236AE /* FavouritesModel.swift */,
				61815EC92AB9F4B6003236AE /* FavouritesDesign.swift */,
			);
			path = favourites;
			sourceTree = "<group>";
		};
		61815ED12AB9F585003236AE /* Protocols */ = {
			isa = PBXGroup;
			children = (
				61815ED22AB9F5B9003236AE /* ViewMaker.swift */,
			);
			path = Protocols;
			sourceTree = "<group>";
		};
/* End PBXGroup section */

/* Begin PBXNativeTarget section */
		61815E9A2AA8CA1F003236AE /* recipes */ = {
			isa = PBXNativeTarget;
			buildConfigurationList = 61815EA92AA8CA20003236AE /* Build configuration list for PBXNativeTarget "recipes" */;
			buildPhases = (
				61815E972AA8CA1F003236AE /* Sources */,
				61815E982AA8CA1F003236AE /* Frameworks */,
				61815E992AA8CA1F003236AE /* Resources */,
			);
			buildRules = (
			);
			dependencies = (
			);
			name = recipes;
			productName = recipes;
			productReference = 61815E9B2AA8CA1F003236AE /* recipes.app */;
			productType = "com.apple.product-type.application";
		};
/* End PBXNativeTarget section */

/* Begin PBXProject section */
		61815E932AA8CA1F003236AE /* Project object */ = {
			isa = PBXProject;
			attributes = {
				BuildIndependentTargetsInParallel = 1;
				LastSwiftUpdateCheck = 1430;
				LastUpgradeCheck = 1430;
				TargetAttributes = {
					61815E9A2AA8CA1F003236AE = {
						CreatedOnToolsVersion = 14.3.1;
					};
				};
			};
			buildConfigurationList = 61815E962AA8CA1F003236AE /* Build configuration list for PBXProject "recipes" */;
			compatibilityVersion = "Xcode 14.0";
			developmentRegion = en;
			hasScannedForEncodings = 0;
			knownRegions = (
				en,
				Base,
			);
			mainGroup = 61815E922AA8CA1F003236AE;
			productRefGroup = 61815E9C2AA8CA1F003236AE /* Products */;
			projectDirPath = "";
			projectRoot = "";
			targets = (
				61815E9A2AA8CA1F003236AE /* recipes */,
			);
		};
/* End PBXProject section */

/* Begin PBXResourcesBuildPhase section */
		61815E992AA8CA1F003236AE /* Resources */ = {
			isa = PBXResourcesBuildPhase;
			buildActionMask = 2147483647;
			files = (
				61815EA62AA8CA20003236AE /* Preview Assets.xcassets in Resources */,
				61815EA32AA8CA20003236AE /* Assets.xcassets in Resources */,
			);
			runOnlyForDeploymentPostprocessing = 0;
		};
/* End PBXResourcesBuildPhase section */

/* Begin PBXSourcesBuildPhase section */
		61815E972AA8CA1F003236AE /* Sources */ = {
			isa = PBXSourcesBuildPhase;
			buildActionMask = 2147483647;
			files = (
				61815EC72AB203B4003236AE /* PagedDesign.swift in Sources */,
				61815EB42AA8CC76003236AE /* RecipesListViewModel.swift in Sources */,
				61815EC52AB203A7003236AE /* PagedModel.swift in Sources */,
				61815EBC2AA8D1E9003236AE /* AddRecipeModel.swift in Sources */,
				61815EBA2AA8D1DC003236AE /* AddRecipeViewModel.swift in Sources */,
				61815EBE2AA8D1F5003236AE /* AddRecipeDesign.swift in Sources */,
				61815EC12AB2038A003236AE /* PagedView.swift in Sources */,
				61815ED32AB9F5B9003236AE /* ViewMaker.swift in Sources */,
				61815EB62AA8CC89003236AE /* RecipesListDesign.swift in Sources */,
				61815EB82AA8D1C7003236AE /* AddRecipeView.swift in Sources */,
				61815ED02AB9F4B6003236AE /* FavouritesViewModel.swift in Sources */,
				61815ECF2AB9F4B6003236AE /* FavouritesModel.swift in Sources */,
				61815EA12AA8CA1F003236AE /* RecipesListView.swift in Sources */,
				61815EB22AA8CC5E003236AE /* RecipesListModel.swift in Sources */,
				61815ECD2AB9F4B6003236AE /* FavouritesDesign.swift in Sources */,
				61815EC32AB2039A003236AE /* PagedViewModel.swift in Sources */,
				61815ECE2AB9F4B6003236AE /* FavouritesView.swift in Sources */,
				61815E9F2AA8CA1F003236AE /* recipesApp.swift in Sources */,
			);
			runOnlyForDeploymentPostprocessing = 0;
		};
/* End PBXSourcesBuildPhase section */

/* Begin XCBuildConfiguration section */
		61815EA72AA8CA20003236AE /* Debug */ = {
			isa = XCBuildConfiguration;
			buildSettings = {
				ALWAYS_SEARCH_USER_PATHS = NO;
				CLANG_ANALYZER_NONNULL = YES;
				CLANG_ANALYZER_NUMBER_OBJECT_CONVERSION = YES_AGGRESSIVE;
				CLANG_CXX_LANGUAGE_STANDARD = "gnu++20";
				CLANG_ENABLE_MODULES = YES;
				CLANG_ENABLE_OBJC_ARC = YES;
				CLANG_ENABLE_OBJC_WEAK = YES;
				CLANG_WARN_BLOCK_CAPTURE_AUTORELEASING = YES;
				CLANG_WARN_BOOL_CONVERSION = YES;
				CLANG_WARN_COMMA = YES;
				CLANG_WARN_CONSTANT_CONVERSION = YES;
				CLANG_WARN_DEPRECATED_OBJC_IMPLEMENTATIONS = YES;
				CLANG_WARN_DIRECT_OBJC_ISA_USAGE = YES_ERROR;
				CLANG_WARN_DOCUMENTATION_COMMENTS = YES;
				CLANG_WARN_EMPTY_BODY = YES;
				CLANG_WARN_ENUM_CONVERSION = YES;
				CLANG_WARN_INFINITE_RECURSION = YES;
				CLANG_WARN_INT_CONVERSION = YES;
				CLANG_WARN_NON_LITERAL_NULL_CONVERSION = YES;
				CLANG_WARN_OBJC_IMPLICIT_RETAIN_SELF = YES;
				CLANG_WARN_OBJC_LITERAL_CONVERSION = YES;
				CLANG_WARN_OBJC_ROOT_CLASS = YES_ERROR;
				CLANG_WARN_QUOTED_INCLUDE_IN_FRAMEWORK_HEADER = YES;
				CLANG_WARN_RANGE_LOOP_ANALYSIS = YES;
				CLANG_WARN_STRICT_PROTOTYPES = YES;
				CLANG_WARN_SUSPICIOUS_MOVE = YES;
				CLANG_WARN_UNGUARDED_AVAILABILITY = YES_AGGRESSIVE;
				CLANG_WARN_UNREACHABLE_CODE = YES;
				CLANG_WARN__DUPLICATE_METHOD_MATCH = YES;
				COPY_PHASE_STRIP = NO;
				DEBUG_INFORMATION_FORMAT = dwarf;
				ENABLE_STRICT_OBJC_MSGSEND = YES;
				ENABLE_TESTABILITY = YES;
				GCC_C_LANGUAGE_STANDARD = gnu11;
				GCC_DYNAMIC_NO_PIC = NO;
				GCC_NO_COMMON_BLOCKS = YES;
				GCC_OPTIMIZATION_LEVEL = 0;
				GCC_PREPROCESSOR_DEFINITIONS = (
					"DEBUG=1",
					"$(inherited)",
				);
				GCC_WARN_64_TO_32_BIT_CONVERSION = YES;
				GCC_WARN_ABOUT_RETURN_TYPE = YES_ERROR;
				GCC_WARN_UNDECLARED_SELECTOR = YES;
				GCC_WARN_UNINITIALIZED_AUTOS = YES_AGGRESSIVE;
				GCC_WARN_UNUSED_FUNCTION = YES;
				GCC_WARN_UNUSED_VARIABLE = YES;
				IPHONEOS_DEPLOYMENT_TARGET = 16.4;
				MTL_ENABLE_DEBUG_INFO = INCLUDE_SOURCE;
				MTL_FAST_MATH = YES;
				ONLY_ACTIVE_ARCH = YES;
				SDKROOT = iphoneos;
				SWIFT_ACTIVE_COMPILATION_CONDITIONS = DEBUG;
				SWIFT_OPTIMIZATION_LEVEL = "-Onone";
			};
			name = Debug;
		};
		61815EA82AA8CA20003236AE /* Release */ = {
			isa = XCBuildConfiguration;
			buildSettings = {
				ALWAYS_SEARCH_USER_PATHS = NO;
				CLANG_ANALYZER_NONNULL = YES;
				CLANG_ANALYZER_NUMBER_OBJECT_CONVERSION = YES_AGGRESSIVE;
				CLANG_CXX_LANGUAGE_STANDARD = "gnu++20";
				CLANG_ENABLE_MODULES = YES;
				CLANG_ENABLE_OBJC_ARC = YES;
				CLANG_ENABLE_OBJC_WEAK = YES;
				CLANG_WARN_BLOCK_CAPTURE_AUTORELEASING = YES;
				CLANG_WARN_BOOL_CONVERSION = YES;
				CLANG_WARN_COMMA = YES;
				CLANG_WARN_CONSTANT_CONVERSION = YES;
				CLANG_WARN_DEPRECATED_OBJC_IMPLEMENTATIONS = YES;
				CLANG_WARN_DIRECT_OBJC_ISA_USAGE = YES_ERROR;
				CLANG_WARN_DOCUMENTATION_COMMENTS = YES;
				CLANG_WARN_EMPTY_BODY = YES;
				CLANG_WARN_ENUM_CONVERSION = YES;
				CLANG_WARN_INFINITE_RECURSION = YES;
				CLANG_WARN_INT_CONVERSION = YES;
				CLANG_WARN_NON_LITERAL_NULL_CONVERSION = YES;
				CLANG_WARN_OBJC_IMPLICIT_RETAIN_SELF = YES;
				CLANG_WARN_OBJC_LITERAL_CONVERSION = YES;
				CLANG_WARN_OBJC_ROOT_CLASS = YES_ERROR;
				CLANG_WARN_QUOTED_INCLUDE_IN_FRAMEWORK_HEADER = YES;
				CLANG_WARN_RANGE_LOOP_ANALYSIS = YES;
				CLANG_WARN_STRICT_PROTOTYPES = YES;
				CLANG_WARN_SUSPICIOUS_MOVE = YES;
				CLANG_WARN_UNGUARDED_AVAILABILITY = YES_AGGRESSIVE;
				CLANG_WARN_UNREACHABLE_CODE = YES;
				CLANG_WARN__DUPLICATE_METHOD_MATCH = YES;
				COPY_PHASE_STRIP = NO;
				DEBUG_INFORMATION_FORMAT = "dwarf-with-dsym";
				ENABLE_NS_ASSERTIONS = NO;
				ENABLE_STRICT_OBJC_MSGSEND = YES;
				GCC_C_LANGUAGE_STANDARD = gnu11;
				GCC_NO_COMMON_BLOCKS = YES;
				GCC_WARN_64_TO_32_BIT_CONVERSION = YES;
				GCC_WARN_ABOUT_RETURN_TYPE = YES_ERROR;
				GCC_WARN_UNDECLARED_SELECTOR = YES;
				GCC_WARN_UNINITIALIZED_AUTOS = YES_AGGRESSIVE;
				GCC_WARN_UNUSED_FUNCTION = YES;
				GCC_WARN_UNUSED_VARIABLE = YES;
				IPHONEOS_DEPLOYMENT_TARGET = 16.4;
				MTL_ENABLE_DEBUG_INFO = NO;
				MTL_FAST_MATH = YES;
				SDKROOT = iphoneos;
				SWIFT_COMPILATION_MODE = wholemodule;
				SWIFT_OPTIMIZATION_LEVEL = "-O";
				VALIDATE_PRODUCT = YES;
			};
			name = Release;
		};
		61815EAA2AA8CA20003236AE /* Debug */ = {
			isa = XCBuildConfiguration;
			buildSettings = {
				ASSETCATALOG_COMPILER_APPICON_NAME = AppIcon;
				ASSETCATALOG_COMPILER_GLOBAL_ACCENT_COLOR_NAME = AccentColor;
				CODE_SIGN_STYLE = Automatic;
				CURRENT_PROJECT_VERSION = 1;
				DEVELOPMENT_ASSET_PATHS = "\"recipes/Preview Content\"";
				DEVELOPMENT_TEAM = TDYXJPP867;
				ENABLE_PREVIEWS = YES;
				GENERATE_INFOPLIST_FILE = YES;
				INFOPLIST_KEY_UIApplicationSceneManifest_Generation = YES;
				INFOPLIST_KEY_UIApplicationSupportsIndirectInputEvents = YES;
				INFOPLIST_KEY_UILaunchScreen_Generation = YES;
				INFOPLIST_KEY_UISupportedInterfaceOrientations_iPad = "UIInterfaceOrientationPortrait UIInterfaceOrientationPortraitUpsideDown UIInterfaceOrientationLandscapeLeft UIInterfaceOrientationLandscapeRight";
				INFOPLIST_KEY_UISupportedInterfaceOrientations_iPhone = "UIInterfaceOrientationPortrait UIInterfaceOrientationLandscapeLeft UIInterfaceOrientationLandscapeRight";
				LD_RUNPATH_SEARCH_PATHS = (
					"$(inherited)",
					"@executable_path/Frameworks",
				);
				MARKETING_VERSION = 1.0;
				PRODUCT_BUNDLE_IDENTIFIER = com.pieceofpizza.ios.recipes;
				PRODUCT_NAME = "$(TARGET_NAME)";
				SWIFT_EMIT_LOC_STRINGS = YES;
				SWIFT_VERSION = 5.0;
				TARGETED_DEVICE_FAMILY = "1,2";
			};
			name = Debug;
		};
		61815EAB2AA8CA20003236AE /* Release */ = {
			isa = XCBuildConfiguration;
			buildSettings = {
				ASSETCATALOG_COMPILER_APPICON_NAME = AppIcon;
				ASSETCATALOG_COMPILER_GLOBAL_ACCENT_COLOR_NAME = AccentColor;
				CODE_SIGN_STYLE = Automatic;
				CURRENT_PROJECT_VERSION = 1;
				DEVELOPMENT_ASSET_PATHS = "\"recipes/Preview Content\"";
				DEVELOPMENT_TEAM = TDYXJPP867;
				ENABLE_PREVIEWS = YES;
				GENERATE_INFOPLIST_FILE = YES;
				INFOPLIST_KEY_UIApplicationSceneManifest_Generation = YES;
				INFOPLIST_KEY_UIApplicationSupportsIndirectInputEvents = YES;
				INFOPLIST_KEY_UILaunchScreen_Generation = YES;
				INFOPLIST_KEY_UISupportedInterfaceOrientations_iPad = "UIInterfaceOrientationPortrait UIInterfaceOrientationPortraitUpsideDown UIInterfaceOrientationLandscapeLeft UIInterfaceOrientationLandscapeRight";
				INFOPLIST_KEY_UISupportedInterfaceOrientations_iPhone = "UIInterfaceOrientationPortrait UIInterfaceOrientationLandscapeLeft UIInterfaceOrientationLandscapeRight";
				LD_RUNPATH_SEARCH_PATHS = (
					"$(inherited)",
					"@executable_path/Frameworks",
				);
				MARKETING_VERSION = 1.0;
				PRODUCT_BUNDLE_IDENTIFIER = com.pieceofpizza.ios.recipes;
				PRODUCT_NAME = "$(TARGET_NAME)";
				SWIFT_EMIT_LOC_STRINGS = YES;
				SWIFT_VERSION = 5.0;
				TARGETED_DEVICE_FAMILY = "1,2";
			};
			name = Release;
		};
/* End XCBuildConfiguration section */

/* Begin XCConfigurationList section */
		61815E962AA8CA1F003236AE /* Build configuration list for PBXProject "recipes" */ = {
			isa = XCConfigurationList;
			buildConfigurations = (
				61815EA72AA8CA20003236AE /* Debug */,
				61815EA82AA8CA20003236AE /* Release */,
			);
			defaultConfigurationIsVisible = 0;
			defaultConfigurationName = Release;
		};
		61815EA92AA8CA20003236AE /* Build configuration list for PBXNativeTarget "recipes" */ = {
			isa = XCConfigurationList;
			buildConfigurations = (
				61815EAA2AA8CA20003236AE /* Debug */,
				61815EAB2AA8CA20003236AE /* Release */,
			);
			defaultConfigurationIsVisible = 0;
			defaultConfigurationName = Release;
		};
/* End XCConfigurationList section */
	};
	rootObject = 61815E932AA8CA1F003236AE /* Project object */;
}
